
Microsoft Visual Studio Solution File, Format Version 12.00
# Visual Studio Version 17
VisualStudioVersion = 17.4.33122.133
MinimumVisualStudioVersion = 10.0.40219.1
Project("{9A19103F-16F7-4668-BE54-9A1E7A4F7556}") = "01 Task", "01 Task\01 Task.csproj", "{04F30C35-C25E-495F-8778-8205FE02C8A8}"
EndProject
Project("{9A19103F-16F7-4668-BE54-9A1E7A4F7556}") = "02 Task", "02 Task\02 Task.csproj", "{F5DAB868-289E-4630-8439-87D022807C8D}"
EndProject
Project("{9A19103F-16F7-4668-BE54-9A1E7A4F7556}") = "03 Task", "03 Task\03 Task.csproj", "{DD7740B5-B086-44A1-ACB1-9E518DA6EE90}"
EndProject
Project("{9A19103F-16F7-4668-BE54-9A1E7A4F7556}") = "04 Task", "04 Task\04 Task.csproj", "{02D25484-7852-46B4-AE5F-D5CB2B453F9C}"
EndProject
Project("{9A19103F-16F7-4668-BE54-9A1E7A4F7556}") = "05 Task", "05 Task\05 Task.csproj", "{9DC08668-F14F-4915-B74F-847DB9AC0904}"
EndProject
Project("{9A19103F-16F7-4668-BE54-9A1E7A4F7556}") = "06 Task", "06 Task\06 Task.csproj", "{A859768D-D307-4455-A94B-B9263DE7478C}"
EndProject
Project("{FAE04EC0-301F-11D3-BF4B-00C04F79EFBC}") = "07 Task", "07 Task\07 Task.csproj", "{C0029D44-F092-400D-8542-D614E182DB4D}"
EndProject
Global
	GlobalSection(SolutionConfigurationPlatforms) = preSolution
		Debug|Any CPU = Debug|Any CPU
		Release|Any CPU = Release|Any CPU
	EndGlobalSection
	GlobalSection(ProjectConfigurationPlatforms) = postSolution
		{04F30C35-C25E-495F-8778-8205FE02C8A8}.Debug|Any CPU.ActiveCfg = Debug|Any CPU
		{04F30C35-C25E-495F-8778-8205FE02C8A8}.Debug|Any CPU.Build.0 = Debug|Any CPU
		{04F30C35-C25E-495F-8778-8205FE02C8A8}.Release|Any CPU.ActiveCfg = Release|Any CPU
		{04F30C35-C25E-495F-8778-8205FE02C8A8}.Release|Any CPU.Build.0 = Release|Any CPU
		{F5DAB868-289E-4630-8439-87D022807C8D}.Debug|Any CPU.ActiveCfg = Debug|Any CPU
		{F5DAB868-289E-4630-8439-87D022807C8D}.Debug|Any CPU.Build.0 = Debug|Any CPU
		{F5DAB868-289E-4630-8439-87D022807C8D}.Release|Any CPU.ActiveCfg = Release|Any CPU
		{F5DAB868-289E-4630-8439-87D022807C8D}.Release|Any CPU.Build.0 = Release|Any CPU
		{DD7740B5-B086-44A1-ACB1-9E518DA6EE90}.Debug|Any CPU.ActiveCfg = Debug|Any CPU
		{DD7740B5-B086-44A1-ACB1-9E518DA6EE90}.Debug|Any CPU.Build.0 = Debug|Any CPU
		{DD7740B5-B086-44A1-ACB1-9E518DA6EE90}.Release|Any CPU.ActiveCfg = Release|Any CPU
		{DD7740B5-B086-44A1-ACB1-9E518DA6EE90}.Release|Any CPU.Build.0 = Release|Any CPU
		{02D25484-7852-46B4-AE5F-D5CB2B453F9C}.Debug|Any CPU.ActiveCfg = Debug|Any CPU
		{02D25484-7852-46B4-AE5F-D5CB2B453F9C}.Debug|Any CPU.Build.0 = Debug|Any CPU
		{02D25484-7852-46B4-AE5F-D5CB2B453F9C}.Release|Any CPU.ActiveCfg = Release|Any CPU
		{02D25484-7852-46B4-AE5F-D5CB2B453F9C}.Release|Any CPU.Build.0 = Release|Any CPU
		{9DC08668-F14F-4915-B74F-847DB9AC0904}.Debug|Any CPU.ActiveCfg = Debug|Any CPU
		{9DC08668-F14F-4915-B74F-847DB9AC0904}.Debug|Any CPU.Build.0 = Debug|Any CPU
		{9DC08668-F14F-4915-B74F-847DB9AC0904}.Release|Any CPU.ActiveCfg = Release|Any CPU
		{9DC08668-F14F-4915-B74F-847DB9AC0904}.Release|Any CPU.Build.0 = Release|Any CPU
		{A859768D-D307-4455-A94B-B9263DE7478C}.Debug|Any CPU.ActiveCfg = Debug|Any CPU
		{A859768D-D307-4455-A94B-B9263DE7478C}.Debug|Any CPU.Build.0 = Debug|Any CPU
		{A859768D-D307-4455-A94B-B9263DE7478C}.Release|Any CPU.ActiveCfg = Release|Any CPU
		{A859768D-D307-4455-A94B-B9263DE7478C}.Release|Any CPU.Build.0 = Release|Any CPU
		{C0029D44-F092-400D-8542-D614E182DB4D}.Debug|Any CPU.ActiveCfg = Debug|Any CPU
		{C0029D44-F092-400D-8542-D614E182DB4D}.Debug|Any CPU.Build.0 = Debug|Any CPU
		{C0029D44-F092-400D-8542-D614E182DB4D}.Release|Any CPU.ActiveCfg = Release|Any CPU
		{C0029D44-F092-400D-8542-D614E182DB4D}.Release|Any CPU.Build.0 = Release|Any CPU
	EndGlobalSection
	GlobalSection(SolutionProperties) = preSolution
		HideSolutionNode = FALSE
	EndGlobalSection
	GlobalSection(ExtensibilityGlobals) = postSolution
		SolutionGuid = {B4F18564-F849-430A-91C7-7ACACCA005DD}
	EndGlobalSection
EndGlobal
